
Microsoft Visual Studio Solution File, Format Version 12.00
# Visual Studio Version 16
VisualStudioVersion = 16.0.31129.286
MinimumVisualStudioVersion = 10.0.40219.1
Project("{FAE04EC0-301F-11D3-BF4B-00C04F79EFBC}") = "Finance.Android", "Finance\Finance.Android\Finance.Android.csproj", "{48FD1C10-3DAE-487F-A0ED-09BD0FAE1282}"
EndProject
Project("{FAE04EC0-301F-11D3-BF4B-00C04F79EFBC}") = "Finance.iOS", "Finance\Finance.iOS\Finance.iOS.csproj", "{3368CF09-312B-4B1D-A380-2DBF1E32E5DB}"
EndProject
Project("{FAE04EC0-301F-11D3-BF4B-00C04F79EFBC}") = "Finance", "Finance\Finance\Finance.csproj", "{07FDE63C-8970-4758-ACD7-1A1D4D70B21C}"
EndProject
Global
	GlobalSection(SolutionConfigurationPlatforms) = preSolution
		Debug|Any CPU = Debug|Any CPU
		Debug|iPhone = Debug|iPhone
		Debug|iPhoneSimulator = Debug|iPhoneSimulator
		Release|Any CPU = Release|Any CPU
		Release|iPhone = Release|iPhone
		Release|iPhoneSimulator = Release|iPhoneSimulator
	EndGlobalSection
	GlobalSection(ProjectConfigurationPlatforms) = postSolution
		{48FD1C10-3DAE-487F-A0ED-09BD0FAE1282}.Debug|Any CPU.ActiveCfg = Debug|Any CPU
		{48FD1C10-3DAE-487F-A0ED-09BD0FAE1282}.Debug|Any CPU.Build.0 = Debug|Any CPU
		{48FD1C10-3DAE-487F-A0ED-09BD0FAE1282}.Debug|Any CPU.Deploy.0 = Debug|Any CPU
		{48FD1C10-3DAE-487F-A0ED-09BD0FAE1282}.Debug|iPhone.ActiveCfg = Debug|Any CPU
		{48FD1C10-3DAE-487F-A0ED-09BD0FAE1282}.Debug|iPhone.Build.0 = Debug|Any CPU
		{48FD1C10-3DAE-487F-A0ED-09BD0FAE1282}.Debug|iPhone.Deploy.0 = Debug|Any CPU
		{48FD1C10-3DAE-487F-A0ED-09BD0FAE1282}.Debug|iPhoneSimulator.ActiveCfg = Debug|Any CPU
		{48FD1C10-3DAE-487F-A0ED-09BD0FAE1282}.Debug|iPhoneSimulator.Build.0 = Debug|Any CPU
		{48FD1C10-3DAE-487F-A0ED-09BD0FAE1282}.Debug|iPhoneSimulator.Deploy.0 = Debug|Any CPU
		{48FD1C10-3DAE-487F-A0ED-09BD0FAE1282}.Release|Any CPU.ActiveCfg = Release|Any CPU
		{48FD1C10-3DAE-487F-A0ED-09BD0FAE1282}.Release|Any CPU.Build.0 = Release|Any CPU
		{48FD1C10-3DAE-487F-A0ED-09BD0FAE1282}.Release|Any CPU.Deploy.0 = Release|Any CPU
		{48FD1C10-3DAE-487F-A0ED-09BD0FAE1282}.Release|iPhone.ActiveCfg = Release|Any CPU
		{48FD1C10-3DAE-487F-A0ED-09BD0FAE1282}.Release|iPhone.Build.0 = Release|Any CPU
		{48FD1C10-3DAE-487F-A0ED-09BD0FAE1282}.Release|iPhone.Deploy.0 = Release|Any CPU
		{48FD1C10-3DAE-487F-A0ED-09BD0FAE1282}.Release|iPhoneSimulator.ActiveCfg = Release|Any CPU
		{48FD1C10-3DAE-487F-A0ED-09BD0FAE1282}.Release|iPhoneSimulator.Build.0 = Release|Any CPU
		{48FD1C10-3DAE-487F-A0ED-09BD0FAE1282}.Release|iPhoneSimulator.Deploy.0 = Release|Any CPU
		{3368CF09-312B-4B1D-A380-2DBF1E32E5DB}.Debug|Any CPU.ActiveCfg = Debug|iPhone
		{3368CF09-312B-4B1D-A380-2DBF1E32E5DB}.Debug|Any CPU.Build.0 = Debug|iPhone
		{3368CF09-312B-4B1D-A380-2DBF1E32E5DB}.Debug|Any CPU.Deploy.0 = Debug|iPhone
		{3368CF09-312B-4B1D-A380-2DBF1E32E5DB}.Debug|iPhone.ActiveCfg = Debug|iPhone
		{3368CF09-312B-4B1D-A380-2DBF1E32E5DB}.Debug|iPhone.Build.0 = Debug|iPhone
		{3368CF09-312B-4B1D-A380-2DBF1E32E5DB}.Debug|iPhone.Deploy.0 = Debug|iPhone
		{3368CF09-312B-4B1D-A380-2DBF1E32E5DB}.Debug|iPhoneSimulator.ActiveCfg = Debug|iPhoneSimulator
		{3368CF09-312B-4B1D-A380-2DBF1E32E5DB}.Debug|iPhoneSimulator.Build.0 = Debug|iPhoneSimulator
		{3368CF09-312B-4B1D-A380-2DBF1E32E5DB}.Debug|iPhoneSimulator.Deploy.0 = Debug|iPhoneSimulator
		{3368CF09-312B-4B1D-A380-2DBF1E32E5DB}.Release|Any CPU.ActiveCfg = Release|iPhoneSimulator
		{3368CF09-312B-4B1D-A380-2DBF1E32E5DB}.Release|Any CPU.Build.0 = Release|iPhoneSimulator
		{3368CF09-312B-4B1D-A380-2DBF1E32E5DB}.Release|Any CPU.Deploy.0 = Release|iPhoneSimulator
		{3368CF09-312B-4B1D-A380-2DBF1E32E5DB}.Release|iPhone.ActiveCfg = Release|iPhone
		{3368CF09-312B-4B1D-A380-2DBF1E32E5DB}.Release|iPhone.Build.0 = Release|iPhone
		{3368CF09-312B-4B1D-A380-2DBF1E32E5DB}.Release|iPhone.Deploy.0 = Release|iPhone
		{3368CF09-312B-4B1D-A380-2DBF1E32E5DB}.Release|iPhoneSimulator.ActiveCfg = Release|iPhoneSimulator
		{3368CF09-312B-4B1D-A380-2DBF1E32E5DB}.Release|iPhoneSimulator.Build.0 = Release|iPhoneSimulator
		{3368CF09-312B-4B1D-A380-2DBF1E32E5DB}.Release|iPhoneSimulator.Deploy.0 = Release|iPhoneSimulator
		{07FDE63C-8970-4758-ACD7-1A1D4D70B21C}.Debug|Any CPU.ActiveCfg = Debug|Any CPU
		{07FDE63C-8970-4758-ACD7-1A1D4D70B21C}.Debug|Any CPU.Build.0 = Debug|Any CPU
		{07FDE63C-8970-4758-ACD7-1A1D4D70B21C}.Debug|Any CPU.Deploy.0 = Debug|Any CPU
		{07FDE63C-8970-4758-ACD7-1A1D4D70B21C}.Debug|iPhone.ActiveCfg = Debug|Any CPU
		{07FDE63C-8970-4758-ACD7-1A1D4D70B21C}.Debug|iPhone.Build.0 = Debug|Any CPU
		{07FDE63C-8970-4758-ACD7-1A1D4D70B21C}.Debug|iPhone.Deploy.0 = Debug|Any CPU
		{07FDE63C-8970-4758-ACD7-1A1D4D70B21C}.Debug|iPhoneSimulator.ActiveCfg = Debug|Any CPU
		{07FDE63C-8970-4758-ACD7-1A1D4D70B21C}.Debug|iPhoneSimulator.Build.0 = Debug|Any CPU
		{07FDE63C-8970-4758-ACD7-1A1D4D70B21C}.Debug|iPhoneSimulator.Deploy.0 = Debug|Any CPU
		{07FDE63C-8970-4758-ACD7-1A1D4D70B21C}.Release|Any CPU.ActiveCfg = Release|Any CPU
		{07FDE63C-8970-4758-ACD7-1A1D4D70B21C}.Release|Any CPU.Build.0 = Release|Any CPU
		{07FDE63C-8970-4758-ACD7-1A1D4D70B21C}.Release|Any CPU.Deploy.0 = Release|Any CPU
		{07FDE63C-8970-4758-ACD7-1A1D4D70B21C}.Release|iPhone.ActiveCfg = Release|Any CPU
		{07FDE63C-8970-4758-ACD7-1A1D4D70B21C}.Release|iPhone.Build.0 = Release|Any CPU
		{07FDE63C-8970-4758-ACD7-1A1D4D70B21C}.Release|iPhone.Deploy.0 = Release|Any CPU
		{07FDE63C-8970-4758-ACD7-1A1D4D70B21C}.Release|iPhoneSimulator.ActiveCfg = Release|Any CPU
		{07FDE63C-8970-4758-ACD7-1A1D4D70B21C}.Release|iPhoneSimulator.Build.0 = Release|Any CPU
		{07FDE63C-8970-4758-ACD7-1A1D4D70B21C}.Release|iPhoneSimulator.Deploy.0 = Release|Any CPU
	EndGlobalSection
	GlobalSection(SolutionProperties) = preSolution
		HideSolutionNode = FALSE
	EndGlobalSection
	GlobalSection(ExtensibilityGlobals) = postSolution
		SolutionGuid = {2594FF48-3D62-44E8-91EF-C6B4B6D6413B}
	EndGlobalSection
EndGlobal
